
Microsoft Visual Studio Solution File, Format Version 12.00
# Visual Studio Version 16
VisualStudioVersion = 16.0.31005.135
MinimumVisualStudioVersion = 10.0.40219.1
Project("{F2A71F9B-5D33-465A-A702-920D77279786}") = "CookLangNet", "CookLangNet\CookLangNet.fsproj", "{E15140DC-7784-4D41-8761-9122F87FF867}"
EndProject
Global
	GlobalSection(SolutionConfigurationPlatforms) = preSolution
		Debug|Any CPU = Debug|Any CPU
		Release|Any CPU = Release|Any CPU
	EndGlobalSection
	GlobalSection(ProjectConfigurationPlatforms) = postSolution
		{E15140DC-7784-4D41-8761-9122F87FF867}.Debug|Any CPU.ActiveCfg = Debug|Any CPU
		{E15140DC-7784-4D41-8761-9122F87FF867}.Debug|Any CPU.Build.0 = Debug|Any CPU
		{E15140DC-7784-4D41-8761-9122F87FF867}.Release|Any CPU.ActiveCfg = Release|Any CPU
		{E15140DC-7784-4D41-8761-9122F87FF867}.Release|Any CPU.Build.0 = Release|Any CPU
	EndGlobalSection
	GlobalSection(SolutionProperties) = preSolution
		HideSolutionNode = FALSE
	EndGlobalSection
	GlobalSection(ExtensibilityGlobals) = postSolution
		SolutionGuid = {9809E720-4E75-4A02-9F0F-C07BD7597FFA}
	EndGlobalSection
EndGlobal
