
Microsoft Visual Studio Solution File, Format Version 12.00
# Visual Studio Version 17
VisualStudioVersion = 17.5.33516.290
MinimumVisualStudioVersion = 10.0.40219.1
Project("{6EC3EE1D-3C4E-46DD-8F32-0CC8E7565705}") = "CookLangNet", "CookLangNet\CookLangNet.fsproj", "{E15140DC-7784-4D41-8761-9122F87FF867}"
EndProject
Project("{6EC3EE1D-3C4E-46DD-8F32-0CC8E7565705}") = "CookLangNet.Tests", "CookLangNet.Tests\CookLangNet.Tests.fsproj", "{88FC1DF7-2095-4993-A6D3-918889500248}"
EndProject
Project("{6EC3EE1D-3C4E-46DD-8F32-0CC8E7565705}") = "CookLangNet.CSharp", "CookLangNet.CSharp\CookLangNet.CSharp.fsproj", "{584049DD-76C1-4927-8DCD-31D0235685F4}"
EndProject
Global
	GlobalSection(SolutionConfigurationPlatforms) = preSolution
		Debug|Any CPU = Debug|Any CPU
		Release|Any CPU = Release|Any CPU
	EndGlobalSection
	GlobalSection(ProjectConfigurationPlatforms) = postSolution
		{E15140DC-7784-4D41-8761-9122F87FF867}.Debug|Any CPU.ActiveCfg = Debug|Any CPU
		{E15140DC-7784-4D41-8761-9122F87FF867}.Debug|Any CPU.Build.0 = Debug|Any CPU
		{E15140DC-7784-4D41-8761-9122F87FF867}.Release|Any CPU.ActiveCfg = Release|Any CPU
		{E15140DC-7784-4D41-8761-9122F87FF867}.Release|Any CPU.Build.0 = Release|Any CPU
		{88FC1DF7-2095-4993-A6D3-918889500248}.Debug|Any CPU.ActiveCfg = Debug|Any CPU
		{88FC1DF7-2095-4993-A6D3-918889500248}.Debug|Any CPU.Build.0 = Debug|Any CPU
		{88FC1DF7-2095-4993-A6D3-918889500248}.Release|Any CPU.ActiveCfg = Release|Any CPU
		{88FC1DF7-2095-4993-A6D3-918889500248}.Release|Any CPU.Build.0 = Release|Any CPU
		{584049DD-76C1-4927-8DCD-31D0235685F4}.Debug|Any CPU.ActiveCfg = Debug|Any CPU
		{584049DD-76C1-4927-8DCD-31D0235685F4}.Debug|Any CPU.Build.0 = Debug|Any CPU
		{584049DD-76C1-4927-8DCD-31D0235685F4}.Release|Any CPU.ActiveCfg = Release|Any CPU
		{584049DD-76C1-4927-8DCD-31D0235685F4}.Release|Any CPU.Build.0 = Release|Any CPU
	EndGlobalSection
	GlobalSection(SolutionProperties) = preSolution
		HideSolutionNode = FALSE
	EndGlobalSection
	GlobalSection(ExtensibilityGlobals) = postSolution
		SolutionGuid = {9809E720-4E75-4A02-9F0F-C07BD7597FFA}
	EndGlobalSection
EndGlobal
